Microsoft Visual Studio Solution File, Format Version 11.00
# Visual Studio 2008

Project("{F30B34AF-8B8B-EA61-D800-7C5D6CDD1B15}") = "MassAttack", "Assembly-CSharp-firstpass.csproj", "{D72B27D7-778C-FD25-22AC-8DAEA0875F7D}"
EndProject
Project("{F30B34AF-8B8B-EA61-D800-7C5D6CDD1B15}") = "MassAttack", "Assembly-CSharp.csproj", "{007A3E61-DC73-1C42-51D2-D42E4B273764}"
EndProject
Project("{F30B34AF-8B8B-EA61-D800-7C5D6CDD1B15}") = "MassAttack", "Assembly-CSharp-Editor.csproj", "{C2A24C1A-B0E4-98FE-EFA1-249E1159A77F}"
EndProject
Project("{F30B34AF-8B8B-EA61-D800-7C5D6CDD1B15}") = "MassAttack", "Assembly-UnityScript-firstpass.unityproj", "{4BDBF1CB-90BB-0A29-2E59-C9560C5084D5}"
EndProject
Global
	GlobalSection(SolutionConfigurationPlatforms) = preSolution
		Debug|Any CPU = Debug|Any CPU
		Release|Any CPU = Release|Any CPU
	EndGlobalSection
	GlobalSection(ProjectConfigurationPlatforms) = postSolution
		{D72B27D7-778C-FD25-22AC-8DAEA0875F7D}.Debug|Any CPU.ActiveCfg = Debug|Any CPU
		{D72B27D7-778C-FD25-22AC-8DAEA0875F7D}.Debug|Any CPU.Build.0 = Debug|Any CPU
		{D72B27D7-778C-FD25-22AC-8DAEA0875F7D}.Release|Any CPU.ActiveCfg = Release|Any CPU
		{D72B27D7-778C-FD25-22AC-8DAEA0875F7D}.Release|Any CPU.Build.0 = Release|Any CPU
		{007A3E61-DC73-1C42-51D2-D42E4B273764}.Debug|Any CPU.ActiveCfg = Debug|Any CPU
		{007A3E61-DC73-1C42-51D2-D42E4B273764}.Debug|Any CPU.Build.0 = Debug|Any CPU
		{007A3E61-DC73-1C42-51D2-D42E4B273764}.Release|Any CPU.ActiveCfg = Release|Any CPU
		{007A3E61-DC73-1C42-51D2-D42E4B273764}.Release|Any CPU.Build.0 = Release|Any CPU
		{C2A24C1A-B0E4-98FE-EFA1-249E1159A77F}.Debug|Any CPU.ActiveCfg = Debug|Any CPU
		{C2A24C1A-B0E4-98FE-EFA1-249E1159A77F}.Debug|Any CPU.Build.0 = Debug|Any CPU
		{C2A24C1A-B0E4-98FE-EFA1-249E1159A77F}.Release|Any CPU.ActiveCfg = Release|Any CPU
		{C2A24C1A-B0E4-98FE-EFA1-249E1159A77F}.Release|Any CPU.Build.0 = Release|Any CPU
		{4BDBF1CB-90BB-0A29-2E59-C9560C5084D5}.Debug|Any CPU.ActiveCfg = Debug|Any CPU
		{4BDBF1CB-90BB-0A29-2E59-C9560C5084D5}.Debug|Any CPU.Build.0 = Debug|Any CPU
		{4BDBF1CB-90BB-0A29-2E59-C9560C5084D5}.Release|Any CPU.ActiveCfg = Release|Any CPU
		{4BDBF1CB-90BB-0A29-2E59-C9560C5084D5}.Release|Any CPU.Build.0 = Release|Any CPU
	EndGlobalSection
	GlobalSection(SolutionProperties) = preSolution
		HideSolutionNode = FALSE
	EndGlobalSection
																																																																																													GlobalSection(MonoDevelopProperties) = preSolution
																																																														GlobalSection(MonoDevelopProperties) = preSolution
								GlobalSection(MonoDevelopProperties) = preSolution
		StartupItem = Assembly-CSharp.csproj
		Policies = $0
		$0.TextStylePolicy = $1
		$1.inheritsSet = null
		$1.scope = text/x-csharp
		$0.CSharpFormattingPolicy = $2
		$2.inheritsSet = Mono
		$2.inheritsScope = text/x-csharp
		$2.scope = text/x-csharp
		$0.TextStylePolicy = $3
		$3.FileWidth = 120
		$3.TabWidth = 4
		$3.EolMarker = Unix
		$3.inheritsSet = Mono
		$3.inheritsScope = text/plain
		$3.scope = text/plain
	EndGlobalSection

EndGlobal
